
Microsoft Visual Studio Solution File, Format Version 12.00
# Visual Studio 15
Project("{FAE04EC0-301F-11D3-BF4B-00C04F79EFBC}") = "Assembly-CSharp", "Assembly-CSharp.csproj", "{EC8949D4-A3C8-7DC0-012E-91853B3BC6DA}"
EndProject
Global
	GlobalSection(SolutionConfigurationPlatforms) = preSolution
		Debug|Any CPU = Debug|Any CPU
		Release|Any CPU = Release|Any CPU
	EndGlobalSection
	GlobalSection(ProjectConfigurationPlatforms) = postSolution
		{EC8949D4-A3C8-7DC0-012E-91853B3BC6DA}.Debug|Any CPU.ActiveCfg = Debug|Any CPU
		{EC8949D4-A3C8-7DC0-012E-91853B3BC6DA}.Debug|Any CPU.Build.0 = Debug|Any CPU
		{EC8949D4-A3C8-7DC0-012E-91853B3BC6DA}.Release|Any CPU.ActiveCfg = Release|Any CPU
		{EC8949D4-A3C8-7DC0-012E-91853B3BC6DA}.Release|Any CPU.Build.0 = Release|Any CPU
	EndGlobalSection
	GlobalSection(SolutionProperties) = preSolution
		HideSolutionNode = FALSE
	EndGlobalSection
EndGlobal
